
Microsoft Visual Studio Solution File, Format Version 12.00
# Visual Studio Version 16
VisualStudioVersion = 16.0.29326.143
MinimumVisualStudioVersion = 10.0.40219.1
Project("{9A19103F-16F7-4668-BE54-9A1E7A4F7556}") = "Gym.Notes.API", "src\Gym.Notes.API\Gym.Notes.API.csproj", "{689452B5-0A2A-4CF0-9D82-E251725F52DA}"
EndProject
Project("{9A19103F-16F7-4668-BE54-9A1E7A4F7556}") = "Gym.Notes.Infrastructure", "src\Gym.Notes.Infrastructure\Gym.Notes.Infrastructure.csproj", "{914BDDAE-8A50-4EC7-BE27-38D8AEC8B539}"
EndProject
Global
	GlobalSection(SolutionConfigurationPlatforms) = preSolution
		Debug|Any CPU = Debug|Any CPU
		Release|Any CPU = Release|Any CPU
	EndGlobalSection
	GlobalSection(ProjectConfigurationPlatforms) = postSolution
		{689452B5-0A2A-4CF0-9D82-E251725F52DA}.Debug|Any CPU.ActiveCfg = Debug|Any CPU
		{689452B5-0A2A-4CF0-9D82-E251725F52DA}.Debug|Any CPU.Build.0 = Debug|Any CPU
		{689452B5-0A2A-4CF0-9D82-E251725F52DA}.Release|Any CPU.ActiveCfg = Release|Any CPU
		{689452B5-0A2A-4CF0-9D82-E251725F52DA}.Release|Any CPU.Build.0 = Release|Any CPU
		{914BDDAE-8A50-4EC7-BE27-38D8AEC8B539}.Debug|Any CPU.ActiveCfg = Debug|Any CPU
		{914BDDAE-8A50-4EC7-BE27-38D8AEC8B539}.Debug|Any CPU.Build.0 = Debug|Any CPU
		{914BDDAE-8A50-4EC7-BE27-38D8AEC8B539}.Release|Any CPU.ActiveCfg = Release|Any CPU
		{914BDDAE-8A50-4EC7-BE27-38D8AEC8B539}.Release|Any CPU.Build.0 = Release|Any CPU
	EndGlobalSection
	GlobalSection(SolutionProperties) = preSolution
		HideSolutionNode = FALSE
	EndGlobalSection
	GlobalSection(ExtensibilityGlobals) = postSolution
		SolutionGuid = {DF37C09C-F584-4990-8D82-8C084B833155}
	EndGlobalSection
EndGlobal
